
Microsoft Visual Studio Solution File, Format Version 12.00
# Visual Studio 14
VisualStudioVersion = 14.0.25420.1
MinimumVisualStudioVersion = 10.0.40219.1
Project("{FAE04EC0-301F-11D3-BF4B-00C04F79EFBC}") = "PdfSharp", "PdfSharp\PdfSharp.csproj", "{5384CE57-1F94-4D22-860D-2E9C1AC12DDF}"
EndProject
Project("{FAE04EC0-301F-11D3-BF4B-00C04F79EFBC}") = "PdfSharp.Charting", "PdfSharp.Charting\PdfSharp.Charting.csproj", "{CFDB7D46-EA8D-47DE-B10A-9E755A1B48BA}"
EndProject
Project("{FAE04EC0-301F-11D3-BF4B-00C04F79EFBC}") = "PdfSharp_ios", "PdfSharp_ios\PdfSharp_ios.csproj", "{C1841E26-F6F2-474A-8040-4E97DDF3D822}"
EndProject
Project("{FAE04EC0-301F-11D3-BF4B-00C04F79EFBC}") = "PdfSharp.iOS.Tests", "PdfSharp.iOS.Tests\PdfSharp.iOS.Tests.csproj", "{8694B56A-828A-4D10-A31B-7D777A77B4D3}"
EndProject
Global
	GlobalSection(SolutionConfigurationPlatforms) = preSolution
		Ad-Hoc|Any CPU = Ad-Hoc|Any CPU
		Ad-Hoc|iPhone = Ad-Hoc|iPhone
		Ad-Hoc|iPhoneSimulator = Ad-Hoc|iPhoneSimulator
		Ad-Hoc|Mixed Platforms = Ad-Hoc|Mixed Platforms
		Ad-Hoc|Win32 = Ad-Hoc|Win32
		AppStore|Any CPU = AppStore|Any CPU
		AppStore|iPhone = AppStore|iPhone
		AppStore|iPhoneSimulator = AppStore|iPhoneSimulator
		AppStore|Mixed Platforms = AppStore|Mixed Platforms
		AppStore|Win32 = AppStore|Win32
		Debug|Any CPU = Debug|Any CPU
		Debug|iPhone = Debug|iPhone
		Debug|iPhoneSimulator = Debug|iPhoneSimulator
		Debug|Mixed Platforms = Debug|Mixed Platforms
		Debug|Win32 = Debug|Win32
		Release|Any CPU = Release|Any CPU
		Release|iPhone = Release|iPhone
		Release|iPhoneSimulator = Release|iPhoneSimulator
		Release|Mixed Platforms = Release|Mixed Platforms
		Release|Win32 = Release|Win32
	EndGlobalSection
	GlobalSection(ProjectConfigurationPlatforms) = postSolution
		{5384CE57-1F94-4D22-860D-2E9C1AC12DDF}.Ad-Hoc|Any CPU.ActiveCfg = Release|Any CPU
		{5384CE57-1F94-4D22-860D-2E9C1AC12DDF}.Ad-Hoc|Any CPU.Build.0 = Release|Any CPU
		{5384CE57-1F94-4D22-860D-2E9C1AC12DDF}.Ad-Hoc|iPhone.ActiveCfg = Release|Any CPU
		{5384CE57-1F94-4D22-860D-2E9C1AC12DDF}.Ad-Hoc|iPhone.Build.0 = Release|Any CPU
		{5384CE57-1F94-4D22-860D-2E9C1AC12DDF}.Ad-Hoc|iPhoneSimulator.ActiveCfg = Release|Any CPU
		{5384CE57-1F94-4D22-860D-2E9C1AC12DDF}.Ad-Hoc|iPhoneSimulator.Build.0 = Release|Any CPU
		{5384CE57-1F94-4D22-860D-2E9C1AC12DDF}.Ad-Hoc|Mixed Platforms.ActiveCfg = Release|Any CPU
		{5384CE57-1F94-4D22-860D-2E9C1AC12DDF}.Ad-Hoc|Mixed Platforms.Build.0 = Release|Any CPU
		{5384CE57-1F94-4D22-860D-2E9C1AC12DDF}.Ad-Hoc|Win32.ActiveCfg = Release|Any CPU
		{5384CE57-1F94-4D22-860D-2E9C1AC12DDF}.Ad-Hoc|Win32.Build.0 = Release|Any CPU
		{5384CE57-1F94-4D22-860D-2E9C1AC12DDF}.AppStore|Any CPU.ActiveCfg = Release|Any CPU
		{5384CE57-1F94-4D22-860D-2E9C1AC12DDF}.AppStore|Any CPU.Build.0 = Release|Any CPU
		{5384CE57-1F94-4D22-860D-2E9C1AC12DDF}.AppStore|iPhone.ActiveCfg = Release|Any CPU
		{5384CE57-1F94-4D22-860D-2E9C1AC12DDF}.AppStore|iPhone.Build.0 = Release|Any CPU
		{5384CE57-1F94-4D22-860D-2E9C1AC12DDF}.AppStore|iPhoneSimulator.ActiveCfg = Release|Any CPU
		{5384CE57-1F94-4D22-860D-2E9C1AC12DDF}.AppStore|iPhoneSimulator.Build.0 = Release|Any CPU
		{5384CE57-1F94-4D22-860D-2E9C1AC12DDF}.AppStore|Mixed Platforms.ActiveCfg = Release|Any CPU
		{5384CE57-1F94-4D22-860D-2E9C1AC12DDF}.AppStore|Mixed Platforms.Build.0 = Release|Any CPU
		{5384CE57-1F94-4D22-860D-2E9C1AC12DDF}.AppStore|Win32.ActiveCfg = Release|Any CPU
		{5384CE57-1F94-4D22-860D-2E9C1AC12DDF}.AppStore|Win32.Build.0 = Release|Any CPU
		{5384CE57-1F94-4D22-860D-2E9C1AC12DDF}.Debug|Any CPU.ActiveCfg = Debug|Any CPU
		{5384CE57-1F94-4D22-860D-2E9C1AC12DDF}.Debug|Any CPU.Build.0 = Debug|Any CPU
		{5384CE57-1F94-4D22-860D-2E9C1AC12DDF}.Debug|iPhone.ActiveCfg = Debug|Any CPU
		{5384CE57-1F94-4D22-860D-2E9C1AC12DDF}.Debug|iPhone.Build.0 = Debug|Any CPU
		{5384CE57-1F94-4D22-860D-2E9C1AC12DDF}.Debug|iPhoneSimulator.ActiveCfg = Debug|Any CPU
		{5384CE57-1F94-4D22-860D-2E9C1AC12DDF}.Debug|iPhoneSimulator.Build.0 = Debug|Any CPU
		{5384CE57-1F94-4D22-860D-2E9C1AC12DDF}.Debug|Mixed Platforms.ActiveCfg = Debug|Any CPU
		{5384CE57-1F94-4D22-860D-2E9C1AC12DDF}.Debug|Mixed Platforms.Build.0 = Debug|Any CPU
		{5384CE57-1F94-4D22-860D-2E9C1AC12DDF}.Debug|Win32.ActiveCfg = Debug|Any CPU
		{5384CE57-1F94-4D22-860D-2E9C1AC12DDF}.Release|Any CPU.ActiveCfg = Release|Any CPU
		{5384CE57-1F94-4D22-860D-2E9C1AC12DDF}.Release|Any CPU.Build.0 = Release|Any CPU
		{5384CE57-1F94-4D22-860D-2E9C1AC12DDF}.Release|iPhone.ActiveCfg = Release|Any CPU
		{5384CE57-1F94-4D22-860D-2E9C1AC12DDF}.Release|iPhone.Build.0 = Release|Any CPU
		{5384CE57-1F94-4D22-860D-2E9C1AC12DDF}.Release|iPhoneSimulator.ActiveCfg = Release|Any CPU
		{5384CE57-1F94-4D22-860D-2E9C1AC12DDF}.Release|iPhoneSimulator.Build.0 = Release|Any CPU
		{5384CE57-1F94-4D22-860D-2E9C1AC12DDF}.Release|Mixed Platforms.ActiveCfg = Release|Any CPU
		{5384CE57-1F94-4D22-860D-2E9C1AC12DDF}.Release|Mixed Platforms.Build.0 = Release|Any CPU
		{5384CE57-1F94-4D22-860D-2E9C1AC12DDF}.Release|Win32.ActiveCfg = Release|Any CPU
		{CFDB7D46-EA8D-47DE-B10A-9E755A1B48BA}.Ad-Hoc|Any CPU.ActiveCfg = Release|Any CPU
		{CFDB7D46-EA8D-47DE-B10A-9E755A1B48BA}.Ad-Hoc|Any CPU.Build.0 = Release|Any CPU
		{CFDB7D46-EA8D-47DE-B10A-9E755A1B48BA}.Ad-Hoc|iPhone.ActiveCfg = Release|Any CPU
		{CFDB7D46-EA8D-47DE-B10A-9E755A1B48BA}.Ad-Hoc|iPhone.Build.0 = Release|Any CPU
		{CFDB7D46-EA8D-47DE-B10A-9E755A1B48BA}.Ad-Hoc|iPhoneSimulator.ActiveCfg = Release|Any CPU
		{CFDB7D46-EA8D-47DE-B10A-9E755A1B48BA}.Ad-Hoc|iPhoneSimulator.Build.0 = Release|Any CPU
		{CFDB7D46-EA8D-47DE-B10A-9E755A1B48BA}.Ad-Hoc|Mixed Platforms.ActiveCfg = Release|Any CPU
		{CFDB7D46-EA8D-47DE-B10A-9E755A1B48BA}.Ad-Hoc|Mixed Platforms.Build.0 = Release|Any CPU
		{CFDB7D46-EA8D-47DE-B10A-9E755A1B48BA}.Ad-Hoc|Win32.ActiveCfg = Release|Any CPU
		{CFDB7D46-EA8D-47DE-B10A-9E755A1B48BA}.Ad-Hoc|Win32.Build.0 = Release|Any CPU
		{CFDB7D46-EA8D-47DE-B10A-9E755A1B48BA}.AppStore|Any CPU.ActiveCfg = Release|Any CPU
		{CFDB7D46-EA8D-47DE-B10A-9E755A1B48BA}.AppStore|Any CPU.Build.0 = Release|Any CPU
		{CFDB7D46-EA8D-47DE-B10A-9E755A1B48BA}.AppStore|iPhone.ActiveCfg = Release|Any CPU
		{CFDB7D46-EA8D-47DE-B10A-9E755A1B48BA}.AppStore|iPhone.Build.0 = Release|Any CPU
		{CFDB7D46-EA8D-47DE-B10A-9E755A1B48BA}.AppStore|iPhoneSimulator.ActiveCfg = Release|Any CPU
		{CFDB7D46-EA8D-47DE-B10A-9E755A1B48BA}.AppStore|iPhoneSimulator.Build.0 = Release|Any CPU
		{CFDB7D46-EA8D-47DE-B10A-9E755A1B48BA}.AppStore|Mixed Platforms.ActiveCfg = Release|Any CPU
		{CFDB7D46-EA8D-47DE-B10A-9E755A1B48BA}.AppStore|Mixed Platforms.Build.0 = Release|Any CPU
		{CFDB7D46-EA8D-47DE-B10A-9E755A1B48BA}.AppStore|Win32.ActiveCfg = Release|Any CPU
		{CFDB7D46-EA8D-47DE-B10A-9E755A1B48BA}.AppStore|Win32.Build.0 = Release|Any CPU
		{CFDB7D46-EA8D-47DE-B10A-9E755A1B48BA}.Debug|Any CPU.ActiveCfg = Debug|Any CPU
		{CFDB7D46-EA8D-47DE-B10A-9E755A1B48BA}.Debug|Any CPU.Build.0 = Debug|Any CPU
		{CFDB7D46-EA8D-47DE-B10A-9E755A1B48BA}.Debug|iPhone.ActiveCfg = Debug|Any CPU
		{CFDB7D46-EA8D-47DE-B10A-9E755A1B48BA}.Debug|iPhone.Build.0 = Debug|Any CPU
		{CFDB7D46-EA8D-47DE-B10A-9E755A1B48BA}.Debug|iPhoneSimulator.ActiveCfg = Debug|Any CPU
		{CFDB7D46-EA8D-47DE-B10A-9E755A1B48BA}.Debug|iPhoneSimulator.Build.0 = Debug|Any CPU
		{CFDB7D46-EA8D-47DE-B10A-9E755A1B48BA}.Debug|Mixed Platforms.ActiveCfg = Debug|Any CPU
		{CFDB7D46-EA8D-47DE-B10A-9E755A1B48BA}.Debug|Mixed Platforms.Build.0 = Debug|Any CPU
		{CFDB7D46-EA8D-47DE-B10A-9E755A1B48BA}.Debug|Win32.ActiveCfg = Debug|Any CPU
		{CFDB7D46-EA8D-47DE-B10A-9E755A1B48BA}.Release|Any CPU.ActiveCfg = Release|Any CPU
		{CFDB7D46-EA8D-47DE-B10A-9E755A1B48BA}.Release|Any CPU.Build.0 = Release|Any CPU
		{CFDB7D46-EA8D-47DE-B10A-9E755A1B48BA}.Release|iPhone.ActiveCfg = Release|Any CPU
		{CFDB7D46-EA8D-47DE-B10A-9E755A1B48BA}.Release|iPhone.Build.0 = Release|Any CPU
		{CFDB7D46-EA8D-47DE-B10A-9E755A1B48BA}.Release|iPhoneSimulator.ActiveCfg = Release|Any CPU
		{CFDB7D46-EA8D-47DE-B10A-9E755A1B48BA}.Release|iPhoneSimulator.Build.0 = Release|Any CPU
		{CFDB7D46-EA8D-47DE-B10A-9E755A1B48BA}.Release|Mixed Platforms.ActiveCfg = Release|Any CPU
		{CFDB7D46-EA8D-47DE-B10A-9E755A1B48BA}.Release|Mixed Platforms.Build.0 = Release|Any CPU
		{CFDB7D46-EA8D-47DE-B10A-9E755A1B48BA}.Release|Win32.ActiveCfg = Release|Any CPU
		{C1841E26-F6F2-474A-8040-4E97DDF3D822}.Ad-Hoc|Any CPU.ActiveCfg = Release|Any CPU
		{C1841E26-F6F2-474A-8040-4E97DDF3D822}.Ad-Hoc|Any CPU.Build.0 = Release|Any CPU
		{C1841E26-F6F2-474A-8040-4E97DDF3D822}.Ad-Hoc|iPhone.ActiveCfg = Release|Any CPU
		{C1841E26-F6F2-474A-8040-4E97DDF3D822}.Ad-Hoc|iPhone.Build.0 = Release|Any CPU
		{C1841E26-F6F2-474A-8040-4E97DDF3D822}.Ad-Hoc|iPhoneSimulator.ActiveCfg = Release|Any CPU
		{C1841E26-F6F2-474A-8040-4E97DDF3D822}.Ad-Hoc|iPhoneSimulator.Build.0 = Release|Any CPU
		{C1841E26-F6F2-474A-8040-4E97DDF3D822}.Ad-Hoc|Mixed Platforms.ActiveCfg = Release|Any CPU
		{C1841E26-F6F2-474A-8040-4E97DDF3D822}.Ad-Hoc|Mixed Platforms.Build.0 = Release|Any CPU
		{C1841E26-F6F2-474A-8040-4E97DDF3D822}.Ad-Hoc|Win32.ActiveCfg = Release|Any CPU
		{C1841E26-F6F2-474A-8040-4E97DDF3D822}.Ad-Hoc|Win32.Build.0 = Release|Any CPU
		{C1841E26-F6F2-474A-8040-4E97DDF3D822}.AppStore|Any CPU.ActiveCfg = Release|Any CPU
		{C1841E26-F6F2-474A-8040-4E97DDF3D822}.AppStore|Any CPU.Build.0 = Release|Any CPU
		{C1841E26-F6F2-474A-8040-4E97DDF3D822}.AppStore|iPhone.ActiveCfg = Release|Any CPU
		{C1841E26-F6F2-474A-8040-4E97DDF3D822}.AppStore|iPhone.Build.0 = Release|Any CPU
		{C1841E26-F6F2-474A-8040-4E97DDF3D822}.AppStore|iPhoneSimulator.ActiveCfg = Release|Any CPU
		{C1841E26-F6F2-474A-8040-4E97DDF3D822}.AppStore|iPhoneSimulator.Build.0 = Release|Any CPU
		{C1841E26-F6F2-474A-8040-4E97DDF3D822}.AppStore|Mixed Platforms.ActiveCfg = Release|Any CPU
		{C1841E26-F6F2-474A-8040-4E97DDF3D822}.AppStore|Mixed Platforms.Build.0 = Release|Any CPU
		{C1841E26-F6F2-474A-8040-4E97DDF3D822}.AppStore|Win32.ActiveCfg = Release|Any CPU
		{C1841E26-F6F2-474A-8040-4E97DDF3D822}.AppStore|Win32.Build.0 = Release|Any CPU
		{C1841E26-F6F2-474A-8040-4E97DDF3D822}.Debug|Any CPU.ActiveCfg = Debug|Any CPU
		{C1841E26-F6F2-474A-8040-4E97DDF3D822}.Debug|Any CPU.Build.0 = Debug|Any CPU
		{C1841E26-F6F2-474A-8040-4E97DDF3D822}.Debug|iPhone.ActiveCfg = Debug|Any CPU
		{C1841E26-F6F2-474A-8040-4E97DDF3D822}.Debug|iPhone.Build.0 = Debug|Any CPU
		{C1841E26-F6F2-474A-8040-4E97DDF3D822}.Debug|iPhoneSimulator.ActiveCfg = Debug|Any CPU
		{C1841E26-F6F2-474A-8040-4E97DDF3D822}.Debug|iPhoneSimulator.Build.0 = Debug|Any CPU
		{C1841E26-F6F2-474A-8040-4E97DDF3D822}.Debug|Mixed Platforms.ActiveCfg = Debug|Any CPU
		{C1841E26-F6F2-474A-8040-4E97DDF3D822}.Debug|Mixed Platforms.Build.0 = Debug|Any CPU
		{C1841E26-F6F2-474A-8040-4E97DDF3D822}.Debug|Win32.ActiveCfg = Debug|Any CPU
		{C1841E26-F6F2-474A-8040-4E97DDF3D822}.Release|Any CPU.ActiveCfg = Release|Any CPU
		{C1841E26-F6F2-474A-8040-4E97DDF3D822}.Release|Any CPU.Build.0 = Release|Any CPU
		{C1841E26-F6F2-474A-8040-4E97DDF3D822}.Release|iPhone.ActiveCfg = Release|Any CPU
		{C1841E26-F6F2-474A-8040-4E97DDF3D822}.Release|iPhone.Build.0 = Release|Any CPU
		{C1841E26-F6F2-474A-8040-4E97DDF3D822}.Release|iPhoneSimulator.ActiveCfg = Release|Any CPU
		{C1841E26-F6F2-474A-8040-4E97DDF3D822}.Release|iPhoneSimulator.Build.0 = Release|Any CPU
		{C1841E26-F6F2-474A-8040-4E97DDF3D822}.Release|Mixed Platforms.ActiveCfg = Release|Any CPU
		{C1841E26-F6F2-474A-8040-4E97DDF3D822}.Release|Mixed Platforms.Build.0 = Release|Any CPU
		{C1841E26-F6F2-474A-8040-4E97DDF3D822}.Release|Win32.ActiveCfg = Release|Any CPU
		{8694B56A-828A-4D10-A31B-7D777A77B4D3}.Ad-Hoc|Any CPU.ActiveCfg = Ad-Hoc|iPhone
		{8694B56A-828A-4D10-A31B-7D777A77B4D3}.Ad-Hoc|iPhone.ActiveCfg = Ad-Hoc|iPhone
		{8694B56A-828A-4D10-A31B-7D777A77B4D3}.Ad-Hoc|iPhone.Build.0 = Ad-Hoc|iPhone
		{8694B56A-828A-4D10-A31B-7D777A77B4D3}.Ad-Hoc|iPhoneSimulator.ActiveCfg = Ad-Hoc|iPhoneSimulator
		{8694B56A-828A-4D10-A31B-7D777A77B4D3}.Ad-Hoc|iPhoneSimulator.Build.0 = Ad-Hoc|iPhoneSimulator
		{8694B56A-828A-4D10-A31B-7D777A77B4D3}.Ad-Hoc|Mixed Platforms.ActiveCfg = Ad-Hoc|iPhone
		{8694B56A-828A-4D10-A31B-7D777A77B4D3}.Ad-Hoc|Mixed Platforms.Build.0 = Ad-Hoc|iPhone
		{8694B56A-828A-4D10-A31B-7D777A77B4D3}.Ad-Hoc|Win32.ActiveCfg = Ad-Hoc|iPhone
		{8694B56A-828A-4D10-A31B-7D777A77B4D3}.AppStore|Any CPU.ActiveCfg = AppStore|iPhone
		{8694B56A-828A-4D10-A31B-7D777A77B4D3}.AppStore|iPhone.ActiveCfg = AppStore|iPhone
		{8694B56A-828A-4D10-A31B-7D777A77B4D3}.AppStore|iPhone.Build.0 = AppStore|iPhone
		{8694B56A-828A-4D10-A31B-7D777A77B4D3}.AppStore|iPhoneSimulator.ActiveCfg = AppStore|iPhoneSimulator
		{8694B56A-828A-4D10-A31B-7D777A77B4D3}.AppStore|iPhoneSimulator.Build.0 = AppStore|iPhoneSimulator
		{8694B56A-828A-4D10-A31B-7D777A77B4D3}.AppStore|Mixed Platforms.ActiveCfg = AppStore|iPhone
		{8694B56A-828A-4D10-A31B-7D777A77B4D3}.AppStore|Mixed Platforms.Build.0 = AppStore|iPhone
		{8694B56A-828A-4D10-A31B-7D777A77B4D3}.AppStore|Win32.ActiveCfg = AppStore|iPhone
		{8694B56A-828A-4D10-A31B-7D777A77B4D3}.Debug|Any CPU.ActiveCfg = Debug|iPhone
		{8694B56A-828A-4D10-A31B-7D777A77B4D3}.Debug|iPhone.ActiveCfg = Debug|iPhone
		{8694B56A-828A-4D10-A31B-7D777A77B4D3}.Debug|iPhone.Build.0 = Debug|iPhone
		{8694B56A-828A-4D10-A31B-7D777A77B4D3}.Debug|iPhoneSimulator.ActiveCfg = Debug|iPhoneSimulator
		{8694B56A-828A-4D10-A31B-7D777A77B4D3}.Debug|iPhoneSimulator.Build.0 = Debug|iPhoneSimulator
		{8694B56A-828A-4D10-A31B-7D777A77B4D3}.Debug|Mixed Platforms.ActiveCfg = Debug|iPhone
		{8694B56A-828A-4D10-A31B-7D777A77B4D3}.Debug|Mixed Platforms.Build.0 = Debug|iPhone
		{8694B56A-828A-4D10-A31B-7D777A77B4D3}.Debug|Win32.ActiveCfg = Debug|iPhone
		{8694B56A-828A-4D10-A31B-7D777A77B4D3}.Release|Any CPU.ActiveCfg = Release|iPhone
		{8694B56A-828A-4D10-A31B-7D777A77B4D3}.Release|iPhone.ActiveCfg = Release|iPhone
		{8694B56A-828A-4D10-A31B-7D777A77B4D3}.Release|iPhone.Build.0 = Release|iPhone
		{8694B56A-828A-4D10-A31B-7D777A77B4D3}.Release|iPhoneSimulator.ActiveCfg = Release|iPhoneSimulator
		{8694B56A-828A-4D10-A31B-7D777A77B4D3}.Release|iPhoneSimulator.Build.0 = Release|iPhoneSimulator
		{8694B56A-828A-4D10-A31B-7D777A77B4D3}.Release|Mixed Platforms.ActiveCfg = Release|iPhone
		{8694B56A-828A-4D10-A31B-7D777A77B4D3}.Release|Mixed Platforms.Build.0 = Release|iPhone
		{8694B56A-828A-4D10-A31B-7D777A77B4D3}.Release|Win32.ActiveCfg = Release|iPhone
	EndGlobalSection
	GlobalSection(SolutionProperties) = preSolution
		HideSolutionNode = FALSE
	EndGlobalSection
EndGlobal
